
Microsoft Visual Studio Solution File, Format Version 12.00
# Visual Studio 15
VisualStudioVersion = 15.0.28307.489
MinimumVisualStudioVersion = 10.0.40219.1
Project("{FAE04EC0-301F-11D3-BF4B-00C04F79EFBC}") = "IngiteClientServerNetCoreConsoleApp", "IngiteClientServerNetCoreConsoleApp\IngiteClientServerNetCoreConsoleApp.csproj", "{AD09ACA7-AFFF-4BEC-886D-B0823F438095}"
EndProject
Global
	GlobalSection(SolutionConfigurationPlatforms) = preSolution
		Debug|Any CPU = Debug|Any CPU
		Release|Any CPU = Release|Any CPU
	EndGlobalSection
	GlobalSection(ProjectConfigurationPlatforms) = postSolution
		{AD09ACA7-AFFF-4BEC-886D-B0823F438095}.Debug|Any CPU.ActiveCfg = Debug|Any CPU
		{AD09ACA7-AFFF-4BEC-886D-B0823F438095}.Debug|Any CPU.Build.0 = Debug|Any CPU
		{AD09ACA7-AFFF-4BEC-886D-B0823F438095}.Release|Any CPU.ActiveCfg = Release|Any CPU
		{AD09ACA7-AFFF-4BEC-886D-B0823F438095}.Release|Any CPU.Build.0 = Release|Any CPU
	EndGlobalSection
	GlobalSection(SolutionProperties) = preSolution
		HideSolutionNode = FALSE
	EndGlobalSection
	GlobalSection(ExtensibilityGlobals) = postSolution
		SolutionGuid = {AC36A29F-EF59-4ED8-9029-502CBBF1A46A}
	EndGlobalSection
EndGlobal
